
Microsoft Visual Studio Solution File, Format Version 12.00
# Visual Studio Version 17
VisualStudioVersion = 17.4.33213.308
MinimumVisualStudioVersion = 10.0.40219.1
Project("{9A19103F-16F7-4668-BE54-9A1E7A4F7556}") = "1.2", "1.2\1.2.csproj", "{179FB5AB-5E4E-49B4-B638-B6BE76DD12E7}"
EndProject
Project("{9A19103F-16F7-4668-BE54-9A1E7A4F7556}") = "1.3", "1.3\1.3.csproj", "{806FE510-01EC-4E0D-A5B0-8D8262884413}"
EndProject
Project("{9A19103F-16F7-4668-BE54-9A1E7A4F7556}") = "1.4", "1.4\1.4.csproj", "{42DBA61F-263E-44D9-B4E6-81F939694460}"
EndProject
Project("{2150E333-8FDC-42A3-9474-1A3956D46DE8}") = "1", "1", "{A51D7E2F-05FD-4858-9D03-DF98D1438708}"
EndProject
Project("{9A19103F-16F7-4668-BE54-9A1E7A4F7556}") = "1.5", "1.5\1.5.csproj", "{6AD6D1B1-D17B-4481-8ED3-7000810BDB96}"
EndProject
Project("{2150E333-8FDC-42A3-9474-1A3956D46DE8}") = "2", "2", "{C7BBD444-A9E2-4817-9056-D7A462F9B01A}"
EndProject
Project("{9A19103F-16F7-4668-BE54-9A1E7A4F7556}") = "2.2", "2.2\2.2.csproj", "{2E520D04-E078-4EBB-8D2E-E37658A27320}"
EndProject
Project("{9A19103F-16F7-4668-BE54-9A1E7A4F7556}") = "2.3-1", "2.3-1\2.3-1.csproj", "{1D6B0DFA-F784-43F0-AD20-547CDC648C66}"
EndProject
Project("{9A19103F-16F7-4668-BE54-9A1E7A4F7556}") = "2.3-2", "2.3-2\2.3-2.csproj", "{B43187E7-9037-4446-BFA1-4EF12AD5CAD3}"
EndProject
Project("{9A19103F-16F7-4668-BE54-9A1E7A4F7556}") = "2.3-3", "2.3-3\2.3-3.csproj", "{E75D3C69-7B41-4560-A386-E2854C96F21E}"
EndProject
Project("{2150E333-8FDC-42A3-9474-1A3956D46DE8}") = "3", "3", "{B606FA6D-F684-4E25-8582-DB30A5A5BE87}"
EndProject
Project("{9A19103F-16F7-4668-BE54-9A1E7A4F7556}") = "3.2-1", "3.2-1\3.2-1.csproj", "{40D52177-B692-487A-8BE3-95600F0EC4BE}"
EndProject
Project("{9A19103F-16F7-4668-BE54-9A1E7A4F7556}") = "3.2", "3.2\3.2.csproj", "{CBF5455C-61BB-4105-AA77-EE8F58AC1DD7}"
EndProject
Project("{9A19103F-16F7-4668-BE54-9A1E7A4F7556}") = "3.2-2", "3.2-2\3.2-2.csproj", "{255E3D04-AB76-4701-B306-0E24B26C17C1}"
EndProject
Project("{9A19103F-16F7-4668-BE54-9A1E7A4F7556}") = "3.2-3", "3.2-3\3.2-3.csproj", "{429349B8-967C-4FD4-A7DD-5BA5236105DB}"
EndProject
Project("{9A19103F-16F7-4668-BE54-9A1E7A4F7556}") = "3.2-4", "3.2-4\3.2-4.csproj", "{52773A53-C4BD-4030-ADEE-66B7DDFDED97}"
EndProject
Project("{9A19103F-16F7-4668-BE54-9A1E7A4F7556}") = "3.2-5", "3.2-5\3.2-5.csproj", "{9C115A57-026D-4CA6-8765-2A9871A2B98E}"
EndProject
Project("{9A19103F-16F7-4668-BE54-9A1E7A4F7556}") = "3.2-6", "3.2-6\3.2-6.csproj", "{63F110D3-A7C2-4D0A-AD9B-B7CDC1B3D6ED}"
EndProject
Global
	GlobalSection(SolutionConfigurationPlatforms) = preSolution
		Debug|Any CPU = Debug|Any CPU
		Release|Any CPU = Release|Any CPU
	EndGlobalSection
	GlobalSection(ProjectConfigurationPlatforms) = postSolution
		{179FB5AB-5E4E-49B4-B638-B6BE76DD12E7}.Debug|Any CPU.ActiveCfg = Debug|Any CPU
		{179FB5AB-5E4E-49B4-B638-B6BE76DD12E7}.Debug|Any CPU.Build.0 = Debug|Any CPU
		{179FB5AB-5E4E-49B4-B638-B6BE76DD12E7}.Release|Any CPU.ActiveCfg = Release|Any CPU
		{179FB5AB-5E4E-49B4-B638-B6BE76DD12E7}.Release|Any CPU.Build.0 = Release|Any CPU
		{806FE510-01EC-4E0D-A5B0-8D8262884413}.Debug|Any CPU.ActiveCfg = Debug|Any CPU
		{806FE510-01EC-4E0D-A5B0-8D8262884413}.Debug|Any CPU.Build.0 = Debug|Any CPU
		{806FE510-01EC-4E0D-A5B0-8D8262884413}.Release|Any CPU.ActiveCfg = Release|Any CPU
		{806FE510-01EC-4E0D-A5B0-8D8262884413}.Release|Any CPU.Build.0 = Release|Any CPU
		{42DBA61F-263E-44D9-B4E6-81F939694460}.Debug|Any CPU.ActiveCfg = Debug|Any CPU
		{42DBA61F-263E-44D9-B4E6-81F939694460}.Debug|Any CPU.Build.0 = Debug|Any CPU
		{42DBA61F-263E-44D9-B4E6-81F939694460}.Release|Any CPU.ActiveCfg = Release|Any CPU
		{42DBA61F-263E-44D9-B4E6-81F939694460}.Release|Any CPU.Build.0 = Release|Any CPU
		{6AD6D1B1-D17B-4481-8ED3-7000810BDB96}.Debug|Any CPU.ActiveCfg = Debug|Any CPU
		{6AD6D1B1-D17B-4481-8ED3-7000810BDB96}.Debug|Any CPU.Build.0 = Debug|Any CPU
		{6AD6D1B1-D17B-4481-8ED3-7000810BDB96}.Release|Any CPU.ActiveCfg = Release|Any CPU
		{6AD6D1B1-D17B-4481-8ED3-7000810BDB96}.Release|Any CPU.Build.0 = Release|Any CPU
		{2E520D04-E078-4EBB-8D2E-E37658A27320}.Debug|Any CPU.ActiveCfg = Debug|Any CPU
		{2E520D04-E078-4EBB-8D2E-E37658A27320}.Debug|Any CPU.Build.0 = Debug|Any CPU
		{2E520D04-E078-4EBB-8D2E-E37658A27320}.Release|Any CPU.ActiveCfg = Release|Any CPU
		{2E520D04-E078-4EBB-8D2E-E37658A27320}.Release|Any CPU.Build.0 = Release|Any CPU
		{1D6B0DFA-F784-43F0-AD20-547CDC648C66}.Debug|Any CPU.ActiveCfg = Debug|Any CPU
		{1D6B0DFA-F784-43F0-AD20-547CDC648C66}.Debug|Any CPU.Build.0 = Debug|Any CPU
		{1D6B0DFA-F784-43F0-AD20-547CDC648C66}.Release|Any CPU.ActiveCfg = Release|Any CPU
		{1D6B0DFA-F784-43F0-AD20-547CDC648C66}.Release|Any CPU.Build.0 = Release|Any CPU
		{B43187E7-9037-4446-BFA1-4EF12AD5CAD3}.Debug|Any CPU.ActiveCfg = Debug|Any CPU
		{B43187E7-9037-4446-BFA1-4EF12AD5CAD3}.Debug|Any CPU.Build.0 = Debug|Any CPU
		{B43187E7-9037-4446-BFA1-4EF12AD5CAD3}.Release|Any CPU.ActiveCfg = Release|Any CPU
		{B43187E7-9037-4446-BFA1-4EF12AD5CAD3}.Release|Any CPU.Build.0 = Release|Any CPU
		{E75D3C69-7B41-4560-A386-E2854C96F21E}.Debug|Any CPU.ActiveCfg = Debug|Any CPU
		{E75D3C69-7B41-4560-A386-E2854C96F21E}.Debug|Any CPU.Build.0 = Debug|Any CPU
		{E75D3C69-7B41-4560-A386-E2854C96F21E}.Release|Any CPU.ActiveCfg = Release|Any CPU
		{E75D3C69-7B41-4560-A386-E2854C96F21E}.Release|Any CPU.Build.0 = Release|Any CPU
		{40D52177-B692-487A-8BE3-95600F0EC4BE}.Debug|Any CPU.ActiveCfg = Debug|Any CPU
		{40D52177-B692-487A-8BE3-95600F0EC4BE}.Debug|Any CPU.Build.0 = Debug|Any CPU
		{40D52177-B692-487A-8BE3-95600F0EC4BE}.Release|Any CPU.ActiveCfg = Release|Any CPU
		{40D52177-B692-487A-8BE3-95600F0EC4BE}.Release|Any CPU.Build.0 = Release|Any CPU
		{CBF5455C-61BB-4105-AA77-EE8F58AC1DD7}.Debug|Any CPU.ActiveCfg = Debug|Any CPU
		{CBF5455C-61BB-4105-AA77-EE8F58AC1DD7}.Debug|Any CPU.Build.0 = Debug|Any CPU
		{CBF5455C-61BB-4105-AA77-EE8F58AC1DD7}.Release|Any CPU.ActiveCfg = Release|Any CPU
		{CBF5455C-61BB-4105-AA77-EE8F58AC1DD7}.Release|Any CPU.Build.0 = Release|Any CPU
		{255E3D04-AB76-4701-B306-0E24B26C17C1}.Debug|Any CPU.ActiveCfg = Debug|Any CPU
		{255E3D04-AB76-4701-B306-0E24B26C17C1}.Debug|Any CPU.Build.0 = Debug|Any CPU
		{255E3D04-AB76-4701-B306-0E24B26C17C1}.Release|Any CPU.ActiveCfg = Release|Any CPU
		{255E3D04-AB76-4701-B306-0E24B26C17C1}.Release|Any CPU.Build.0 = Release|Any CPU
		{429349B8-967C-4FD4-A7DD-5BA5236105DB}.Debug|Any CPU.ActiveCfg = Debug|Any CPU
		{429349B8-967C-4FD4-A7DD-5BA5236105DB}.Debug|Any CPU.Build.0 = Debug|Any CPU
		{429349B8-967C-4FD4-A7DD-5BA5236105DB}.Release|Any CPU.ActiveCfg = Release|Any CPU
		{429349B8-967C-4FD4-A7DD-5BA5236105DB}.Release|Any CPU.Build.0 = Release|Any CPU
		{52773A53-C4BD-4030-ADEE-66B7DDFDED97}.Debug|Any CPU.ActiveCfg = Debug|Any CPU
		{52773A53-C4BD-4030-ADEE-66B7DDFDED97}.Debug|Any CPU.Build.0 = Debug|Any CPU
		{52773A53-C4BD-4030-ADEE-66B7DDFDED97}.Release|Any CPU.ActiveCfg = Release|Any CPU
		{52773A53-C4BD-4030-ADEE-66B7DDFDED97}.Release|Any CPU.Build.0 = Release|Any CPU
		{9C115A57-026D-4CA6-8765-2A9871A2B98E}.Debug|Any CPU.ActiveCfg = Debug|Any CPU
		{9C115A57-026D-4CA6-8765-2A9871A2B98E}.Debug|Any CPU.Build.0 = Debug|Any CPU
		{9C115A57-026D-4CA6-8765-2A9871A2B98E}.Release|Any CPU.ActiveCfg = Release|Any CPU
		{9C115A57-026D-4CA6-8765-2A9871A2B98E}.Release|Any CPU.Build.0 = Release|Any CPU
		{63F110D3-A7C2-4D0A-AD9B-B7CDC1B3D6ED}.Debug|Any CPU.ActiveCfg = Debug|Any CPU
		{63F110D3-A7C2-4D0A-AD9B-B7CDC1B3D6ED}.Debug|Any CPU.Build.0 = Debug|Any CPU
		{63F110D3-A7C2-4D0A-AD9B-B7CDC1B3D6ED}.Release|Any CPU.ActiveCfg = Release|Any CPU
		{63F110D3-A7C2-4D0A-AD9B-B7CDC1B3D6ED}.Release|Any CPU.Build.0 = Release|Any CPU
	EndGlobalSection
	GlobalSection(SolutionProperties) = preSolution
		HideSolutionNode = FALSE
	EndGlobalSection
	GlobalSection(NestedProjects) = preSolution
		{179FB5AB-5E4E-49B4-B638-B6BE76DD12E7} = {A51D7E2F-05FD-4858-9D03-DF98D1438708}
		{806FE510-01EC-4E0D-A5B0-8D8262884413} = {A51D7E2F-05FD-4858-9D03-DF98D1438708}
		{42DBA61F-263E-44D9-B4E6-81F939694460} = {A51D7E2F-05FD-4858-9D03-DF98D1438708}
		{6AD6D1B1-D17B-4481-8ED3-7000810BDB96} = {A51D7E2F-05FD-4858-9D03-DF98D1438708}
		{2E520D04-E078-4EBB-8D2E-E37658A27320} = {C7BBD444-A9E2-4817-9056-D7A462F9B01A}
		{1D6B0DFA-F784-43F0-AD20-547CDC648C66} = {C7BBD444-A9E2-4817-9056-D7A462F9B01A}
		{B43187E7-9037-4446-BFA1-4EF12AD5CAD3} = {C7BBD444-A9E2-4817-9056-D7A462F9B01A}
		{E75D3C69-7B41-4560-A386-E2854C96F21E} = {C7BBD444-A9E2-4817-9056-D7A462F9B01A}
		{40D52177-B692-487A-8BE3-95600F0EC4BE} = {B606FA6D-F684-4E25-8582-DB30A5A5BE87}
		{CBF5455C-61BB-4105-AA77-EE8F58AC1DD7} = {B606FA6D-F684-4E25-8582-DB30A5A5BE87}
		{255E3D04-AB76-4701-B306-0E24B26C17C1} = {B606FA6D-F684-4E25-8582-DB30A5A5BE87}
		{429349B8-967C-4FD4-A7DD-5BA5236105DB} = {B606FA6D-F684-4E25-8582-DB30A5A5BE87}
		{52773A53-C4BD-4030-ADEE-66B7DDFDED97} = {B606FA6D-F684-4E25-8582-DB30A5A5BE87}
		{9C115A57-026D-4CA6-8765-2A9871A2B98E} = {B606FA6D-F684-4E25-8582-DB30A5A5BE87}
		{63F110D3-A7C2-4D0A-AD9B-B7CDC1B3D6ED} = {B606FA6D-F684-4E25-8582-DB30A5A5BE87}
	EndGlobalSection
	GlobalSection(ExtensibilityGlobals) = postSolution
		SolutionGuid = {71EFD3EF-5A9B-4CA7-8144-23C7542C2415}
	EndGlobalSection
EndGlobal
